{
  "object": {
    "pins": [
      {
        "package": "AlertToast",
        "repositoryURL": "https://github.com/elai950/AlertToast",
        "state": {
          "branch": null,
          "revision": "b39252eacd159904afd7d718bba0afabb87f2f2f",
          "version": "1.3.9"
        }
      },
      {
        "package": "Promises",
        "repositoryURL": "https://github.com/google/promises.git",
        "state": {
          "branch": null,
          "revision": "ec957ccddbcc710ccc64c9dcbd4c7006fcf8b73a",
          "version": "2.2.0"
        }
      },
      {
        "package": "SFSafeSymbols",
        "repositoryURL": "https://github.com/SFSafeSymbols/SFSafeSymbols.git",
        "state": {
          "branch": null,
          "revision": "7cca2d60925876b5953a2cf7341cd80fbeac983c",
          "version": "4.1.1"
        }
      },
      {
        "package": "WebRTC",
        "repositoryURL": "https://github.com/webrtc-sdk/Specs.git",
        "state": {
          "branch": null,
          "revision": "7474b6f4512738b0550e318ce7b1ff8681d3ee31",
          "version": "114.5735.2"
        }
      },
      {
        "package": "swift-log",
        "repositoryURL": "https://github.com/apple/swift-log.git",
        "state": {
          "branch": null,
          "revision": "32e8d724467f8fe623624570367e3d50c5638e46",
          "version": "1.5.2"
        }
      },
      {
        "package": "SwiftProtobuf",
        "repositoryURL": "https://github.com/apple/swift-protobuf.git",
        "state": {
          "branch": null,
          "revision": "f25867a208f459d3c5a06935dceb9083b11cd539",
          "version": "1.22.0"
        }
      },
      {
        "package": "SwiftBackports",
        "repositoryURL": "https://github.com/shaps80/SwiftBackports",
        "state": {
          "branch": null,
          "revision": "ddca6a237c1ba2291d5a3cc47ec8480ce6e9f805",
          "version": "1.0.3"
        }
      },
      {
        "package": "SwiftUIBackports",
        "repositoryURL": "https://github.com/shaps80/SwiftUIBackports",
        "state": {
          "branch": null,
          "revision": "3042f0cf4b9f0d5b0bb08ad17f742a43bc4fdfc5",
          "version": "2.8.0"
        }
      }
    ]
  },
  "version": 1
}
